
Microsoft Visual Studio Solution File, Format Version 12.00
Project("{FAE04EC0-301F-11D3-BF4B-00C04F79EFBC}") = "HanoiTowers", "HanoiTowers\HanoiTowers.csproj", "{DA65E77A-E380-411F-AC08-2A57447B8CC6}"
EndProject
Global
	GlobalSection(SolutionConfigurationPlatforms) = preSolution
		Debug|Any CPU = Debug|Any CPU
		Release|Any CPU = Release|Any CPU
	EndGlobalSection
	GlobalSection(ProjectConfigurationPlatforms) = postSolution
		{DA65E77A-E380-411F-AC08-2A57447B8CC6}.Debug|Any CPU.ActiveCfg = Debug|Any CPU
		{DA65E77A-E380-411F-AC08-2A57447B8CC6}.Debug|Any CPU.Build.0 = Debug|Any CPU
		{DA65E77A-E380-411F-AC08-2A57447B8CC6}.Release|Any CPU.ActiveCfg = Release|Any CPU
		{DA65E77A-E380-411F-AC08-2A57447B8CC6}.Release|Any CPU.Build.0 = Release|Any CPU
	EndGlobalSection
EndGlobal
